
Microsoft Visual Studio Solution File, Format Version 12.00
# Visual Studio Version 17
VisualStudioVersion = 17.14.36429.23
MinimumVisualStudioVersion = 10.0.40219.1
Project("{FAE04EC0-301F-11D3-BF4B-00C04F79EFBC}") = "Ymir.GeminiSync.Services", "src\Ymir.GeminiSync.Services\Ymir.GeminiSync.Services.csproj", "{7B8915CF-9D2A-4F31-B28C-FC885AC64F92}"
EndProject
Project("{FAE04EC0-301F-11D3-BF4B-00C04F79EFBC}") = "Ymir.GeminiSync.Importer", "src\Ymir.GeminiSync.Importer\Ymir.GeminiSync.Importer.csproj", "{35108480-597F-4DFA-8E52-4B8B1B279D25}"
EndProject
Project("{2150E333-8FDC-42A3-9474-1A3956D46DE8}") = "Sources", "Sources", "{02EA681E-C7D8-13C7-8484-4AC65E1B71E8}"
EndProject
Project("{2150E333-8FDC-42A3-9474-1A3956D46DE8}") = "Tests", "Tests", "{08B87C17-24F8-40EF-99DB-F97C6890A5AB}"
EndProject
Project("{FAE04EC0-301F-11D3-BF4B-00C04F79EFBC}") = "Ymir.GeminiSync.Services.ManualTests", "tests\Ymir.GeminiSync.Services.ManualTests\Ymir.GeminiSync.Services.ManualTests.csproj", "{0E2C865B-7245-4F93-8936-E30EC7864AEE}"
EndProject
Project("{FAE04EC0-301F-11D3-BF4B-00C04F79EFBC}") = "Ymir.GeminiSync.Domain", "src\Ymir.GeminiSync.Domain\Ymir.GeminiSync.Domain.csproj", "{D5C7471C-1888-44FA-B8B7-A71819DB16DD}"
EndProject
Project("{FAE04EC0-301F-11D3-BF4B-00C04F79EFBC}") = "Ymir.GeminiSync.EntityFramework", "src\Ymir.GeminiSync.EntityFramework\Ymir.GeminiSync.EntityFramework.csproj", "{BC869D35-4AF8-4E46-B2D0-5EB1E7ECC646}"
EndProject
Project("{FAE04EC0-301F-11D3-BF4B-00C04F79EFBC}") = "Ymir.GeminiSync.Services.UnitTests", "tests\Ymir.GeminiSync.Services.UnitTests\Ymir.GeminiSync.Services.UnitTests.csproj", "{A3180DD3-1ABE-43DE-A270-29D8FD3D4D11}"
EndProject
Project("{FAE04EC0-301F-11D3-BF4B-00C04F79EFBC}") = "Ymir.GeminiSync.SyncFunction", "src\Ymir.GeminiSync.SyncFunction\Ymir.GeminiSync.SyncFunction.csproj", "{36CCEB84-644E-4ED9-A2E5-3C93BF37408C}"
EndProject
Global
	GlobalSection(SolutionConfigurationPlatforms) = preSolution
		Debug|Any CPU = Debug|Any CPU
		Debug|x64 = Debug|x64
		Debug|x86 = Debug|x86
		Release|Any CPU = Release|Any CPU
		Release|x64 = Release|x64
		Release|x86 = Release|x86
	EndGlobalSection
	GlobalSection(ProjectConfigurationPlatforms) = postSolution
		{7B8915CF-9D2A-4F31-B28C-FC885AC64F92}.Debug|Any CPU.ActiveCfg = Debug|Any CPU
		{7B8915CF-9D2A-4F31-B28C-FC885AC64F92}.Debug|Any CPU.Build.0 = Debug|Any CPU
		{7B8915CF-9D2A-4F31-B28C-FC885AC64F92}.Debug|x64.ActiveCfg = Debug|Any CPU
		{7B8915CF-9D2A-4F31-B28C-FC885AC64F92}.Debug|x64.Build.0 = Debug|Any CPU
		{7B8915CF-9D2A-4F31-B28C-FC885AC64F92}.Debug|x86.ActiveCfg = Debug|Any CPU
		{7B8915CF-9D2A-4F31-B28C-FC885AC64F92}.Debug|x86.Build.0 = Debug|Any CPU
		{7B8915CF-9D2A-4F31-B28C-FC885AC64F92}.Release|Any CPU.ActiveCfg = Release|Any CPU
		{7B8915CF-9D2A-4F31-B28C-FC885AC64F92}.Release|Any CPU.Build.0 = Release|Any CPU
		{7B8915CF-9D2A-4F31-B28C-FC885AC64F92}.Release|x64.ActiveCfg = Release|Any CPU
		{7B8915CF-9D2A-4F31-B28C-FC885AC64F92}.Release|x64.Build.0 = Release|Any CPU
		{7B8915CF-9D2A-4F31-B28C-FC885AC64F92}.Release|x86.ActiveCfg = Release|Any CPU
		{7B8915CF-9D2A-4F31-B28C-FC885AC64F92}.Release|x86.Build.0 = Release|Any CPU
		{35108480-597F-4DFA-8E52-4B8B1B279D25}.Debug|Any CPU.ActiveCfg = Debug|Any CPU
		{35108480-597F-4DFA-8E52-4B8B1B279D25}.Debug|Any CPU.Build.0 = Debug|Any CPU
		{35108480-597F-4DFA-8E52-4B8B1B279D25}.Debug|x64.ActiveCfg = Debug|Any CPU
		{35108480-597F-4DFA-8E52-4B8B1B279D25}.Debug|x64.Build.0 = Debug|Any CPU
		{35108480-597F-4DFA-8E52-4B8B1B279D25}.Debug|x86.ActiveCfg = Debug|Any CPU
		{35108480-597F-4DFA-8E52-4B8B1B279D25}.Debug|x86.Build.0 = Debug|Any CPU
		{35108480-597F-4DFA-8E52-4B8B1B279D25}.Release|Any CPU.ActiveCfg = Release|Any CPU
		{35108480-597F-4DFA-8E52-4B8B1B279D25}.Release|Any CPU.Build.0 = Release|Any CPU
		{35108480-597F-4DFA-8E52-4B8B1B279D25}.Release|x64.ActiveCfg = Release|Any CPU
		{35108480-597F-4DFA-8E52-4B8B1B279D25}.Release|x64.Build.0 = Release|Any CPU
		{35108480-597F-4DFA-8E52-4B8B1B279D25}.Release|x86.ActiveCfg = Release|Any CPU
		{35108480-597F-4DFA-8E52-4B8B1B279D25}.Release|x86.Build.0 = Release|Any CPU
		{0E2C865B-7245-4F93-8936-E30EC7864AEE}.Debug|Any CPU.ActiveCfg = Debug|Any CPU
		{0E2C865B-7245-4F93-8936-E30EC7864AEE}.Debug|Any CPU.Build.0 = Debug|Any CPU
		{0E2C865B-7245-4F93-8936-E30EC7864AEE}.Debug|x64.ActiveCfg = Debug|Any CPU
		{0E2C865B-7245-4F93-8936-E30EC7864AEE}.Debug|x64.Build.0 = Debug|Any CPU
		{0E2C865B-7245-4F93-8936-E30EC7864AEE}.Debug|x86.ActiveCfg = Debug|Any CPU
		{0E2C865B-7245-4F93-8936-E30EC7864AEE}.Debug|x86.Build.0 = Debug|Any CPU
		{0E2C865B-7245-4F93-8936-E30EC7864AEE}.Release|Any CPU.ActiveCfg = Release|Any CPU
		{0E2C865B-7245-4F93-8936-E30EC7864AEE}.Release|Any CPU.Build.0 = Release|Any CPU
		{0E2C865B-7245-4F93-8936-E30EC7864AEE}.Release|x64.ActiveCfg = Release|Any CPU
		{0E2C865B-7245-4F93-8936-E30EC7864AEE}.Release|x64.Build.0 = Release|Any CPU
		{0E2C865B-7245-4F93-8936-E30EC7864AEE}.Release|x86.ActiveCfg = Release|Any CPU
		{0E2C865B-7245-4F93-8936-E30EC7864AEE}.Release|x86.Build.0 = Release|Any CPU
		{D5C7471C-1888-44FA-B8B7-A71819DB16DD}.Debug|Any CPU.ActiveCfg = Debug|Any CPU
		{D5C7471C-1888-44FA-B8B7-A71819DB16DD}.Debug|Any CPU.Build.0 = Debug|Any CPU
		{D5C7471C-1888-44FA-B8B7-A71819DB16DD}.Debug|x64.ActiveCfg = Debug|Any CPU
		{D5C7471C-1888-44FA-B8B7-A71819DB16DD}.Debug|x64.Build.0 = Debug|Any CPU
		{D5C7471C-1888-44FA-B8B7-A71819DB16DD}.Debug|x86.ActiveCfg = Debug|Any CPU
		{D5C7471C-1888-44FA-B8B7-A71819DB16DD}.Debug|x86.Build.0 = Debug|Any CPU
		{D5C7471C-1888-44FA-B8B7-A71819DB16DD}.Release|Any CPU.ActiveCfg = Release|Any CPU
		{D5C7471C-1888-44FA-B8B7-A71819DB16DD}.Release|Any CPU.Build.0 = Release|Any CPU
		{D5C7471C-1888-44FA-B8B7-A71819DB16DD}.Release|x64.ActiveCfg = Release|Any CPU
		{D5C7471C-1888-44FA-B8B7-A71819DB16DD}.Release|x64.Build.0 = Release|Any CPU
		{D5C7471C-1888-44FA-B8B7-A71819DB16DD}.Release|x86.ActiveCfg = Release|Any CPU
		{D5C7471C-1888-44FA-B8B7-A71819DB16DD}.Release|x86.Build.0 = Release|Any CPU
		{BC869D35-4AF8-4E46-B2D0-5EB1E7ECC646}.Debug|Any CPU.ActiveCfg = Debug|Any CPU
		{BC869D35-4AF8-4E46-B2D0-5EB1E7ECC646}.Debug|Any CPU.Build.0 = Debug|Any CPU
		{BC869D35-4AF8-4E46-B2D0-5EB1E7ECC646}.Debug|x64.ActiveCfg = Debug|Any CPU
		{BC869D35-4AF8-4E46-B2D0-5EB1E7ECC646}.Debug|x64.Build.0 = Debug|Any CPU
		{BC869D35-4AF8-4E46-B2D0-5EB1E7ECC646}.Debug|x86.ActiveCfg = Debug|Any CPU
		{BC869D35-4AF8-4E46-B2D0-5EB1E7ECC646}.Debug|x86.Build.0 = Debug|Any CPU
		{BC869D35-4AF8-4E46-B2D0-5EB1E7ECC646}.Release|Any CPU.ActiveCfg = Release|Any CPU
		{BC869D35-4AF8-4E46-B2D0-5EB1E7ECC646}.Release|Any CPU.Build.0 = Release|Any CPU
		{BC869D35-4AF8-4E46-B2D0-5EB1E7ECC646}.Release|x64.ActiveCfg = Release|Any CPU
		{BC869D35-4AF8-4E46-B2D0-5EB1E7ECC646}.Release|x64.Build.0 = Release|Any CPU
		{BC869D35-4AF8-4E46-B2D0-5EB1E7ECC646}.Release|x86.ActiveCfg = Release|Any CPU
		{BC869D35-4AF8-4E46-B2D0-5EB1E7ECC646}.Release|x86.Build.0 = Release|Any CPU
		{A3180DD3-1ABE-43DE-A270-29D8FD3D4D11}.Debug|Any CPU.ActiveCfg = Debug|Any CPU
		{A3180DD3-1ABE-43DE-A270-29D8FD3D4D11}.Debug|Any CPU.Build.0 = Debug|Any CPU
		{A3180DD3-1ABE-43DE-A270-29D8FD3D4D11}.Debug|x64.ActiveCfg = Debug|Any CPU
		{A3180DD3-1ABE-43DE-A270-29D8FD3D4D11}.Debug|x64.Build.0 = Debug|Any CPU
		{A3180DD3-1ABE-43DE-A270-29D8FD3D4D11}.Debug|x86.ActiveCfg = Debug|Any CPU
		{A3180DD3-1ABE-43DE-A270-29D8FD3D4D11}.Debug|x86.Build.0 = Debug|Any CPU
		{A3180DD3-1ABE-43DE-A270-29D8FD3D4D11}.Release|Any CPU.ActiveCfg = Release|Any CPU
		{A3180DD3-1ABE-43DE-A270-29D8FD3D4D11}.Release|Any CPU.Build.0 = Release|Any CPU
		{A3180DD3-1ABE-43DE-A270-29D8FD3D4D11}.Release|x64.ActiveCfg = Release|Any CPU
		{A3180DD3-1ABE-43DE-A270-29D8FD3D4D11}.Release|x64.Build.0 = Release|Any CPU
		{A3180DD3-1ABE-43DE-A270-29D8FD3D4D11}.Release|x86.ActiveCfg = Release|Any CPU
		{A3180DD3-1ABE-43DE-A270-29D8FD3D4D11}.Release|x86.Build.0 = Release|Any CPU
		{36CCEB84-644E-4ED9-A2E5-3C93BF37408C}.Debug|Any CPU.ActiveCfg = Debug|Any CPU
		{36CCEB84-644E-4ED9-A2E5-3C93BF37408C}.Debug|Any CPU.Build.0 = Debug|Any CPU
		{36CCEB84-644E-4ED9-A2E5-3C93BF37408C}.Debug|x64.ActiveCfg = Debug|Any CPU
		{36CCEB84-644E-4ED9-A2E5-3C93BF37408C}.Debug|x64.Build.0 = Debug|Any CPU
		{36CCEB84-644E-4ED9-A2E5-3C93BF37408C}.Debug|x86.ActiveCfg = Debug|Any CPU
		{36CCEB84-644E-4ED9-A2E5-3C93BF37408C}.Debug|x86.Build.0 = Debug|Any CPU
		{36CCEB84-644E-4ED9-A2E5-3C93BF37408C}.Release|Any CPU.ActiveCfg = Release|Any CPU
		{36CCEB84-644E-4ED9-A2E5-3C93BF37408C}.Release|Any CPU.Build.0 = Release|Any CPU
		{36CCEB84-644E-4ED9-A2E5-3C93BF37408C}.Release|x64.ActiveCfg = Release|Any CPU
		{36CCEB84-644E-4ED9-A2E5-3C93BF37408C}.Release|x64.Build.0 = Release|Any CPU
		{36CCEB84-644E-4ED9-A2E5-3C93BF37408C}.Release|x86.ActiveCfg = Release|Any CPU
		{36CCEB84-644E-4ED9-A2E5-3C93BF37408C}.Release|x86.Build.0 = Release|Any CPU
	EndGlobalSection
	GlobalSection(SolutionProperties) = preSolution
		HideSolutionNode = FALSE
	EndGlobalSection
	GlobalSection(NestedProjects) = preSolution
		{7B8915CF-9D2A-4F31-B28C-FC885AC64F92} = {02EA681E-C7D8-13C7-8484-4AC65E1B71E8}
		{35108480-597F-4DFA-8E52-4B8B1B279D25} = {02EA681E-C7D8-13C7-8484-4AC65E1B71E8}
		{0E2C865B-7245-4F93-8936-E30EC7864AEE} = {08B87C17-24F8-40EF-99DB-F97C6890A5AB}
		{D5C7471C-1888-44FA-B8B7-A71819DB16DD} = {02EA681E-C7D8-13C7-8484-4AC65E1B71E8}
		{BC869D35-4AF8-4E46-B2D0-5EB1E7ECC646} = {02EA681E-C7D8-13C7-8484-4AC65E1B71E8}
		{A3180DD3-1ABE-43DE-A270-29D8FD3D4D11} = {08B87C17-24F8-40EF-99DB-F97C6890A5AB}
		{36CCEB84-644E-4ED9-A2E5-3C93BF37408C} = {02EA681E-C7D8-13C7-8484-4AC65E1B71E8}
	EndGlobalSection
	GlobalSection(ExtensibilityGlobals) = postSolution
		SolutionGuid = {CA8717BF-631E-44D9-B81E-FB43DE8EEE7A}
	EndGlobalSection
EndGlobal
